
Microsoft Visual Studio Solution File, Format Version 12.00
# Visual Studio Version 17
VisualStudioVersion = 17.14.36623.8
MinimumVisualStudioVersion = 10.0.40219.1
Project("{FAE04EC0-301F-11D3-BF4B-00C04F79EFBC}") = "GPermitter", "GPermitter.csproj", "{F6D04D52-EAE3-4B5E-8627-C27ED168231F}"
EndProject
Global
	GlobalSection(SolutionConfigurationPlatforms) = preSolution
		Debug|Any CPU = Debug|Any CPU
		Release|Any CPU = Release|Any CPU
	EndGlobalSection
	GlobalSection(ProjectConfigurationPlatforms) = postSolution
		{F6D04D52-EAE3-4B5E-8627-C27ED168231F}.Debug|Any CPU.ActiveCfg = Debug|Any CPU
		{F6D04D52-EAE3-4B5E-8627-C27ED168231F}.Debug|Any CPU.Build.0 = Debug|Any CPU
		{F6D04D52-EAE3-4B5E-8627-C27ED168231F}.Release|Any CPU.ActiveCfg = Release|Any CPU
		{F6D04D52-EAE3-4B5E-8627-C27ED168231F}.Release|Any CPU.Build.0 = Release|Any CPU
	EndGlobalSection
	GlobalSection(SolutionProperties) = preSolution
		HideSolutionNode = FALSE
	EndGlobalSection
	GlobalSection(ExtensibilityGlobals) = postSolution
		SolutionGuid = {A4F4DD08-7AB0-4070-8DE2-4E7893C0E73C}
	EndGlobalSection
EndGlobal
